# THIS IS AN AUTOGENERATED FILE. DO NOT EDIT THIS FILE DIRECTLY.
# yarn lockfile v1


qcloudsms_js@^0.1.1:
  version "0.1.1"
  resolved "https://registry.npm.taobao.org/qcloudsms_js/download/qcloudsms_js-0.1.1.tgz#e042b683ba1312a20d7dd0322446f20fd3dc644a"
  integrity sha1-4EK2g7oTEqINfdAyJEbyD9PcZEo=
